
Microsoft Visual Studio Solution File, Format Version 12.00
# Visual Studio 14
VisualStudioVersion = 14.0.25420.1
MinimumVisualStudioVersion = 10.0.40219.1
Project("{F184B08F-C81C-45F6-A57F-5ABD9991F28F}") = "MPT.Reporting", "MPT.Reporting\MPT.Reporting.vbproj", "{FB3E2E93-E159-4843-A45B-3F11FB684481}"
EndProject
Project("{FAE04EC0-301F-11D3-BF4B-00C04F79EFBC}") = "MPT.Reporting.UnitTests", "MPT.Reporting.UnitTests\MPT.Reporting.UnitTests.csproj", "{FE1A3C2D-EDB2-452C-AAB4-33B7F251BDA4}"
EndProject
Global
	GlobalSection(SolutionConfigurationPlatforms) = preSolution
		Debug|Any CPU = Debug|Any CPU
		Release|Any CPU = Release|Any CPU
	EndGlobalSection
	GlobalSection(ProjectConfigurationPlatforms) = postSolution
		{FB3E2E93-E159-4843-A45B-3F11FB684481}.Debug|Any CPU.ActiveCfg = Debug|Any CPU
		{FB3E2E93-E159-4843-A45B-3F11FB684481}.Debug|Any CPU.Build.0 = Debug|Any CPU
		{FB3E2E93-E159-4843-A45B-3F11FB684481}.Release|Any CPU.ActiveCfg = Release|Any CPU
		{FB3E2E93-E159-4843-A45B-3F11FB684481}.Release|Any CPU.Build.0 = Release|Any CPU
		{FE1A3C2D-EDB2-452C-AAB4-33B7F251BDA4}.Debug|Any CPU.ActiveCfg = Debug|Any CPU
		{FE1A3C2D-EDB2-452C-AAB4-33B7F251BDA4}.Debug|Any CPU.Build.0 = Debug|Any CPU
		{FE1A3C2D-EDB2-452C-AAB4-33B7F251BDA4}.Release|Any CPU.ActiveCfg = Release|Any CPU
		{FE1A3C2D-EDB2-452C-AAB4-33B7F251BDA4}.Release|Any CPU.Build.0 = Release|Any CPU
	EndGlobalSection
	GlobalSection(SolutionProperties) = preSolution
		HideSolutionNode = FALSE
	EndGlobalSection
EndGlobal
