
Microsoft Visual Studio Solution File, Format Version 12.00
# Visual Studio Express 2012 for Windows Desktop
Project("{F184B08F-C81C-45F6-A57F-5ABD9991F28F}") = "MPT.FileSystem", "..\MPT.FileSystem\MPT.FileSystem\MPT.FileSystem.vbproj", "{C3CD3F55-BA37-4D2E-901B-FA941AA80084}"
	ProjectSection(ProjectDependencies) = postProject
		{83531B3B-3AF1-478F-A29A-F6FCF3217D78} = {83531B3B-3AF1-478F-A29A-F6FCF3217D78}
		{FB3E2E93-E159-4843-A45B-3F11FB684481} = {FB3E2E93-E159-4843-A45B-3F11FB684481}
	EndProjectSection
EndProject
Project("{F184B08F-C81C-45F6-A57F-5ABD9991F28F}") = "MPT.DLLTests", "MPT.DLLTests\MPT.DLLTests.vbproj", "{2E67325E-ACEA-4358-9244-190AA1944D38}"
	ProjectSection(ProjectDependencies) = postProject
		{FB3E2E93-E159-4843-A45B-3F11FB684481} = {FB3E2E93-E159-4843-A45B-3F11FB684481}
	EndProjectSection
EndProject
Project("{F184B08F-C81C-45F6-A57F-5ABD9991F28F}") = "MPT.Cursors", "..\MPT.Cursors\MPT.Cursors\MPT.Cursors.vbproj", "{408F9DB1-1B41-44DB-92CF-540ED7E5796E}"
EndProject
Project("{F184B08F-C81C-45F6-A57F-5ABD9991F28F}") = "MPT.Database", "..\MPT.Database\MPT.Database\MPT.Database.vbproj", "{871021B3-5D0D-406D-8AAB-E3E4713DCF42}"
	ProjectSection(ProjectDependencies) = postProject
		{83531B3B-3AF1-478F-A29A-F6FCF3217D78} = {83531B3B-3AF1-478F-A29A-F6FCF3217D78}
		{C3CD3F55-BA37-4D2E-901B-FA941AA80084} = {C3CD3F55-BA37-4D2E-901B-FA941AA80084}
		{FB3E2E93-E159-4843-A45B-3F11FB684481} = {FB3E2E93-E159-4843-A45B-3F11FB684481}
		{85E859CC-F317-4B39-A1DD-EC1A791367BE} = {85E859CC-F317-4B39-A1DD-EC1A791367BE}
	EndProjectSection
EndProject
Project("{F184B08F-C81C-45F6-A57F-5ABD9991F28F}") = "MPT.Enums", "..\MPT.Enums\MPT.Enums\MPT.Enums.vbproj", "{8EA032D6-8FC5-45D7-9009-C67A00FEBAEF}"
EndProject
Project("{F184B08F-C81C-45F6-A57F-5ABD9991F28F}") = "MPT.Excel", "..\MPT.Excel\MPT.Excel\MPT.Excel.vbproj", "{4E88E09F-F01C-444E-9ECE-097288AACB22}"
	ProjectSection(ProjectDependencies) = postProject
		{83531B3B-3AF1-478F-A29A-F6FCF3217D78} = {83531B3B-3AF1-478F-A29A-F6FCF3217D78}
		{FB3E2E93-E159-4843-A45B-3F11FB684481} = {FB3E2E93-E159-4843-A45B-3F11FB684481}
	EndProjectSection
EndProject
Project("{F184B08F-C81C-45F6-A57F-5ABD9991F28F}") = "MPT.Files", "..\MPT.Files\MPT.Files\MPT.Files.vbproj", "{C1E49D0B-8946-4204-8B07-41EC958CD418}"
	ProjectSection(ProjectDependencies) = postProject
		{83531B3B-3AF1-478F-A29A-F6FCF3217D78} = {83531B3B-3AF1-478F-A29A-F6FCF3217D78}
		{C3CD3F55-BA37-4D2E-901B-FA941AA80084} = {C3CD3F55-BA37-4D2E-901B-FA941AA80084}
		{FB3E2E93-E159-4843-A45B-3F11FB684481} = {FB3E2E93-E159-4843-A45B-3F11FB684481}
	EndProjectSection
EndProject
Project("{F184B08F-C81C-45F6-A57F-5ABD9991F28F}") = "MPT.Forms", "..\MPT.Forms\MPT.Forms\MPT.Forms.vbproj", "{860E8388-7DA3-4CA7-AAE4-B96EC7E7A7C5}"
	ProjectSection(ProjectDependencies) = postProject
		{2891F52E-1F9B-4A50-B87B-B27EDF9AEE04} = {2891F52E-1F9B-4A50-B87B-B27EDF9AEE04}
		{83531B3B-3AF1-478F-A29A-F6FCF3217D78} = {83531B3B-3AF1-478F-A29A-F6FCF3217D78}
		{C3CD3F55-BA37-4D2E-901B-FA941AA80084} = {C3CD3F55-BA37-4D2E-901B-FA941AA80084}
		{FB3E2E93-E159-4843-A45B-3F11FB684481} = {FB3E2E93-E159-4843-A45B-3F11FB684481}
	EndProjectSection
EndProject
Project("{F184B08F-C81C-45F6-A57F-5ABD9991F28F}") = "MPT.Lists", "..\MPT.Lists\MPT.Lists\MPT.Lists.vbproj", "{941D20B5-00E3-47C2-9014-BD50FA19D902}"
	ProjectSection(ProjectDependencies) = postProject
		{83531B3B-3AF1-478F-A29A-F6FCF3217D78} = {83531B3B-3AF1-478F-A29A-F6FCF3217D78}
		{C3CD3F55-BA37-4D2E-901B-FA941AA80084} = {C3CD3F55-BA37-4D2E-901B-FA941AA80084}
		{FB3E2E93-E159-4843-A45B-3F11FB684481} = {FB3E2E93-E159-4843-A45B-3F11FB684481}
		{85E859CC-F317-4B39-A1DD-EC1A791367BE} = {85E859CC-F317-4B39-A1DD-EC1A791367BE}
	EndProjectSection
EndProject
Project("{F184B08F-C81C-45F6-A57F-5ABD9991F28F}") = "MPT.PropertyChanger", "..\MPT.PropertyChanger\MPT.PropertyChanger\MPT.PropertyChanger.vbproj", "{27433F28-9585-4929-9208-653C797A0471}"
EndProject
Project("{F184B08F-C81C-45F6-A57F-5ABD9991F28F}") = "MPT.Reflections", "..\MPT.Reflections\MPT.Reflections\MPT.Reflections.vbproj", "{83531B3B-3AF1-478F-A29A-F6FCF3217D78}"
EndProject
Project("{F184B08F-C81C-45F6-A57F-5ABD9991F28F}") = "MPT.String", "..\MPT.String\MPT.String\MPT.String.vbproj", "{85E859CC-F317-4B39-A1DD-EC1A791367BE}"
	ProjectSection(ProjectDependencies) = postProject
		{C3CD3F55-BA37-4D2E-901B-FA941AA80084} = {C3CD3F55-BA37-4D2E-901B-FA941AA80084}
		{8EA032D6-8FC5-45D7-9009-C67A00FEBAEF} = {8EA032D6-8FC5-45D7-9009-C67A00FEBAEF}
	EndProjectSection
EndProject
Project("{F184B08F-C81C-45F6-A57F-5ABD9991F28F}") = "MPT.Time", "..\MPT.Time\MPT.Time\MPT.Time.vbproj", "{E2EC05C1-5296-47F4-8711-8640C3E409E0}"
EndProject
Project("{F184B08F-C81C-45F6-A57F-5ABD9991F28F}") = "MPT.Units", "..\MPT.Units\MPT.Units\MPT.Units.vbproj", "{F333EB53-D5B8-400C-9686-25E07E7E1F96}"
	ProjectSection(ProjectDependencies) = postProject
		{860E8388-7DA3-4CA7-AAE4-B96EC7E7A7C5} = {860E8388-7DA3-4CA7-AAE4-B96EC7E7A7C5}
		{941D20B5-00E3-47C2-9014-BD50FA19D902} = {941D20B5-00E3-47C2-9014-BD50FA19D902}
		{8EA032D6-8FC5-45D7-9009-C67A00FEBAEF} = {8EA032D6-8FC5-45D7-9009-C67A00FEBAEF}
	EndProjectSection
EndProject
Project("{F184B08F-C81C-45F6-A57F-5ABD9991F28F}") = "MPT.Verification", "..\MPT.Verification\MPT.Verification\MPT.Verification.vbproj", "{2891F52E-1F9B-4A50-B87B-B27EDF9AEE04}"
	ProjectSection(ProjectDependencies) = postProject
		{83531B3B-3AF1-478F-A29A-F6FCF3217D78} = {83531B3B-3AF1-478F-A29A-F6FCF3217D78}
		{FB3E2E93-E159-4843-A45B-3F11FB684481} = {FB3E2E93-E159-4843-A45B-3F11FB684481}
	EndProjectSection
EndProject
Project("{F184B08F-C81C-45F6-A57F-5ABD9991F28F}") = "MPT.XML", "..\MPT.XML\MPT.XML\MPT.XML.vbproj", "{18B1D1DB-D4E7-4360-99E2-2EF35EF281A4}"
	ProjectSection(ProjectDependencies) = postProject
		{83531B3B-3AF1-478F-A29A-F6FCF3217D78} = {83531B3B-3AF1-478F-A29A-F6FCF3217D78}
		{C3CD3F55-BA37-4D2E-901B-FA941AA80084} = {C3CD3F55-BA37-4D2E-901B-FA941AA80084}
		{FB3E2E93-E159-4843-A45B-3F11FB684481} = {FB3E2E93-E159-4843-A45B-3F11FB684481}
		{941D20B5-00E3-47C2-9014-BD50FA19D902} = {941D20B5-00E3-47C2-9014-BD50FA19D902}
		{85E859CC-F317-4B39-A1DD-EC1A791367BE} = {85E859CC-F317-4B39-A1DD-EC1A791367BE}
		{8EA032D6-8FC5-45D7-9009-C67A00FEBAEF} = {8EA032D6-8FC5-45D7-9009-C67A00FEBAEF}
	EndProjectSection
EndProject
Project("{F184B08F-C81C-45F6-A57F-5ABD9991F28F}") = "MPT.Reporting", "..\MPT.Reporting\MPT.Reporting\MPT.Reporting.vbproj", "{FB3E2E93-E159-4843-A45B-3F11FB684481}"
	ProjectSection(ProjectDependencies) = postProject
		{83531B3B-3AF1-478F-A29A-F6FCF3217D78} = {83531B3B-3AF1-478F-A29A-F6FCF3217D78}
	EndProjectSection
EndProject
Global
	GlobalSection(SolutionConfigurationPlatforms) = preSolution
		Debug|Any CPU = Debug|Any CPU
		Release|Any CPU = Release|Any CPU
	EndGlobalSection
	GlobalSection(ProjectConfigurationPlatforms) = postSolution
		{C3CD3F55-BA37-4D2E-901B-FA941AA80084}.Debug|Any CPU.ActiveCfg = Debug|Any CPU
		{C3CD3F55-BA37-4D2E-901B-FA941AA80084}.Debug|Any CPU.Build.0 = Debug|Any CPU
		{C3CD3F55-BA37-4D2E-901B-FA941AA80084}.Release|Any CPU.ActiveCfg = Release|Any CPU
		{C3CD3F55-BA37-4D2E-901B-FA941AA80084}.Release|Any CPU.Build.0 = Release|Any CPU
		{2E67325E-ACEA-4358-9244-190AA1944D38}.Debug|Any CPU.ActiveCfg = Debug|Any CPU
		{2E67325E-ACEA-4358-9244-190AA1944D38}.Debug|Any CPU.Build.0 = Debug|Any CPU
		{2E67325E-ACEA-4358-9244-190AA1944D38}.Release|Any CPU.ActiveCfg = Release|Any CPU
		{2E67325E-ACEA-4358-9244-190AA1944D38}.Release|Any CPU.Build.0 = Release|Any CPU
		{408F9DB1-1B41-44DB-92CF-540ED7E5796E}.Debug|Any CPU.ActiveCfg = Debug|Any CPU
		{408F9DB1-1B41-44DB-92CF-540ED7E5796E}.Debug|Any CPU.Build.0 = Debug|Any CPU
		{408F9DB1-1B41-44DB-92CF-540ED7E5796E}.Release|Any CPU.ActiveCfg = Release|Any CPU
		{408F9DB1-1B41-44DB-92CF-540ED7E5796E}.Release|Any CPU.Build.0 = Release|Any CPU
		{871021B3-5D0D-406D-8AAB-E3E4713DCF42}.Debug|Any CPU.ActiveCfg = Debug|Any CPU
		{871021B3-5D0D-406D-8AAB-E3E4713DCF42}.Debug|Any CPU.Build.0 = Debug|Any CPU
		{871021B3-5D0D-406D-8AAB-E3E4713DCF42}.Release|Any CPU.ActiveCfg = Release|Any CPU
		{871021B3-5D0D-406D-8AAB-E3E4713DCF42}.Release|Any CPU.Build.0 = Release|Any CPU
		{8EA032D6-8FC5-45D7-9009-C67A00FEBAEF}.Debug|Any CPU.ActiveCfg = Debug|Any CPU
		{8EA032D6-8FC5-45D7-9009-C67A00FEBAEF}.Debug|Any CPU.Build.0 = Debug|Any CPU
		{8EA032D6-8FC5-45D7-9009-C67A00FEBAEF}.Release|Any CPU.ActiveCfg = Release|Any CPU
		{8EA032D6-8FC5-45D7-9009-C67A00FEBAEF}.Release|Any CPU.Build.0 = Release|Any CPU
		{4E88E09F-F01C-444E-9ECE-097288AACB22}.Debug|Any CPU.ActiveCfg = Debug|Any CPU
		{4E88E09F-F01C-444E-9ECE-097288AACB22}.Debug|Any CPU.Build.0 = Debug|Any CPU
		{4E88E09F-F01C-444E-9ECE-097288AACB22}.Release|Any CPU.ActiveCfg = Release|Any CPU
		{4E88E09F-F01C-444E-9ECE-097288AACB22}.Release|Any CPU.Build.0 = Release|Any CPU
		{C1E49D0B-8946-4204-8B07-41EC958CD418}.Debug|Any CPU.ActiveCfg = Debug|Any CPU
		{C1E49D0B-8946-4204-8B07-41EC958CD418}.Debug|Any CPU.Build.0 = Debug|Any CPU
		{C1E49D0B-8946-4204-8B07-41EC958CD418}.Release|Any CPU.ActiveCfg = Release|Any CPU
		{C1E49D0B-8946-4204-8B07-41EC958CD418}.Release|Any CPU.Build.0 = Release|Any CPU
		{860E8388-7DA3-4CA7-AAE4-B96EC7E7A7C5}.Debug|Any CPU.ActiveCfg = Debug|Any CPU
		{860E8388-7DA3-4CA7-AAE4-B96EC7E7A7C5}.Debug|Any CPU.Build.0 = Debug|Any CPU
		{860E8388-7DA3-4CA7-AAE4-B96EC7E7A7C5}.Release|Any CPU.ActiveCfg = Release|Any CPU
		{860E8388-7DA3-4CA7-AAE4-B96EC7E7A7C5}.Release|Any CPU.Build.0 = Release|Any CPU
		{941D20B5-00E3-47C2-9014-BD50FA19D902}.Debug|Any CPU.ActiveCfg = Debug|Any CPU
		{941D20B5-00E3-47C2-9014-BD50FA19D902}.Debug|Any CPU.Build.0 = Debug|Any CPU
		{941D20B5-00E3-47C2-9014-BD50FA19D902}.Release|Any CPU.ActiveCfg = Release|Any CPU
		{941D20B5-00E3-47C2-9014-BD50FA19D902}.Release|Any CPU.Build.0 = Release|Any CPU
		{27433F28-9585-4929-9208-653C797A0471}.Debug|Any CPU.ActiveCfg = Debug|Any CPU
		{27433F28-9585-4929-9208-653C797A0471}.Debug|Any CPU.Build.0 = Debug|Any CPU
		{27433F28-9585-4929-9208-653C797A0471}.Release|Any CPU.ActiveCfg = Release|Any CPU
		{27433F28-9585-4929-9208-653C797A0471}.Release|Any CPU.Build.0 = Release|Any CPU
		{83531B3B-3AF1-478F-A29A-F6FCF3217D78}.Debug|Any CPU.ActiveCfg = Debug|Any CPU
		{83531B3B-3AF1-478F-A29A-F6FCF3217D78}.Debug|Any CPU.Build.0 = Debug|Any CPU
		{83531B3B-3AF1-478F-A29A-F6FCF3217D78}.Release|Any CPU.ActiveCfg = Release|Any CPU
		{83531B3B-3AF1-478F-A29A-F6FCF3217D78}.Release|Any CPU.Build.0 = Release|Any CPU
		{85E859CC-F317-4B39-A1DD-EC1A791367BE}.Debug|Any CPU.ActiveCfg = Debug|Any CPU
		{85E859CC-F317-4B39-A1DD-EC1A791367BE}.Debug|Any CPU.Build.0 = Debug|Any CPU
		{85E859CC-F317-4B39-A1DD-EC1A791367BE}.Release|Any CPU.ActiveCfg = Release|Any CPU
		{85E859CC-F317-4B39-A1DD-EC1A791367BE}.Release|Any CPU.Build.0 = Release|Any CPU
		{E2EC05C1-5296-47F4-8711-8640C3E409E0}.Debug|Any CPU.ActiveCfg = Debug|Any CPU
		{E2EC05C1-5296-47F4-8711-8640C3E409E0}.Debug|Any CPU.Build.0 = Debug|Any CPU
		{E2EC05C1-5296-47F4-8711-8640C3E409E0}.Release|Any CPU.ActiveCfg = Release|Any CPU
		{E2EC05C1-5296-47F4-8711-8640C3E409E0}.Release|Any CPU.Build.0 = Release|Any CPU
		{F333EB53-D5B8-400C-9686-25E07E7E1F96}.Debug|Any CPU.ActiveCfg = Debug|Any CPU
		{F333EB53-D5B8-400C-9686-25E07E7E1F96}.Debug|Any CPU.Build.0 = Debug|Any CPU
		{F333EB53-D5B8-400C-9686-25E07E7E1F96}.Release|Any CPU.ActiveCfg = Release|Any CPU
		{F333EB53-D5B8-400C-9686-25E07E7E1F96}.Release|Any CPU.Build.0 = Release|Any CPU
		{2891F52E-1F9B-4A50-B87B-B27EDF9AEE04}.Debug|Any CPU.ActiveCfg = Debug|Any CPU
		{2891F52E-1F9B-4A50-B87B-B27EDF9AEE04}.Debug|Any CPU.Build.0 = Debug|Any CPU
		{2891F52E-1F9B-4A50-B87B-B27EDF9AEE04}.Release|Any CPU.ActiveCfg = Release|Any CPU
		{2891F52E-1F9B-4A50-B87B-B27EDF9AEE04}.Release|Any CPU.Build.0 = Release|Any CPU
		{18B1D1DB-D4E7-4360-99E2-2EF35EF281A4}.Debug|Any CPU.ActiveCfg = Debug|Any CPU
		{18B1D1DB-D4E7-4360-99E2-2EF35EF281A4}.Release|Any CPU.ActiveCfg = Release|Any CPU
		{18B1D1DB-D4E7-4360-99E2-2EF35EF281A4}.Release|Any CPU.Build.0 = Release|Any CPU
		{FB3E2E93-E159-4843-A45B-3F11FB684481}.Debug|Any CPU.ActiveCfg = Debug|Any CPU
		{FB3E2E93-E159-4843-A45B-3F11FB684481}.Debug|Any CPU.Build.0 = Debug|Any CPU
		{FB3E2E93-E159-4843-A45B-3F11FB684481}.Release|Any CPU.ActiveCfg = Release|Any CPU
		{FB3E2E93-E159-4843-A45B-3F11FB684481}.Release|Any CPU.Build.0 = Release|Any CPU
	EndGlobalSection
	GlobalSection(SolutionProperties) = preSolution
		HideSolutionNode = FALSE
	EndGlobalSection
EndGlobal
