
Microsoft Visual Studio Solution File, Format Version 12.00
# Visual Studio 14
VisualStudioVersion = 14.0.25420.1
MinimumVisualStudioVersion = 10.0.40219.1
Project("{F184B08F-C81C-45F6-A57F-5ABD9991F28F}") = "MPT.Units", "MPT.Units\MPT.Units.vbproj", "{F333EB53-D5B8-400C-9686-25E07E7E1F96}"
EndProject
Project("{FAE04EC0-301F-11D3-BF4B-00C04F79EFBC}") = "MPT.Units.Core.UnitTests", "MPT.Units.UnitTests\MPT.Units.Core.UnitTests.csproj", "{455F67E4-112A-44A4-AD1A-92C469E9D027}"
EndProject
Project("{F184B08F-C81C-45F6-A57F-5ABD9991F28F}") = "MPT.Units.Core", "MPT.Units.Core\MPT.Units.Core.vbproj", "{B80D29B6-6D35-4DD6-A811-712E613CD02F}"
EndProject
Project("{FAE04EC0-301F-11D3-BF4B-00C04F79EFBC}") = "MPT.Units.View", "MPT.Units.View\MPT.Units.View.csproj", "{59DBA63E-64A9-4909-8920-7BAAA9D61EB3}"
EndProject
Global
	GlobalSection(SolutionConfigurationPlatforms) = preSolution
		Debug|Any CPU = Debug|Any CPU
		Release|Any CPU = Release|Any CPU
	EndGlobalSection
	GlobalSection(ProjectConfigurationPlatforms) = postSolution
		{F333EB53-D5B8-400C-9686-25E07E7E1F96}.Debug|Any CPU.ActiveCfg = Debug|Any CPU
		{F333EB53-D5B8-400C-9686-25E07E7E1F96}.Debug|Any CPU.Build.0 = Debug|Any CPU
		{F333EB53-D5B8-400C-9686-25E07E7E1F96}.Release|Any CPU.ActiveCfg = Release|Any CPU
		{F333EB53-D5B8-400C-9686-25E07E7E1F96}.Release|Any CPU.Build.0 = Release|Any CPU
		{455F67E4-112A-44A4-AD1A-92C469E9D027}.Debug|Any CPU.ActiveCfg = Debug|Any CPU
		{455F67E4-112A-44A4-AD1A-92C469E9D027}.Debug|Any CPU.Build.0 = Debug|Any CPU
		{455F67E4-112A-44A4-AD1A-92C469E9D027}.Release|Any CPU.ActiveCfg = Release|Any CPU
		{455F67E4-112A-44A4-AD1A-92C469E9D027}.Release|Any CPU.Build.0 = Release|Any CPU
		{B80D29B6-6D35-4DD6-A811-712E613CD02F}.Debug|Any CPU.ActiveCfg = Debug|Any CPU
		{B80D29B6-6D35-4DD6-A811-712E613CD02F}.Debug|Any CPU.Build.0 = Debug|Any CPU
		{B80D29B6-6D35-4DD6-A811-712E613CD02F}.Release|Any CPU.ActiveCfg = Release|Any CPU
		{B80D29B6-6D35-4DD6-A811-712E613CD02F}.Release|Any CPU.Build.0 = Release|Any CPU
		{59DBA63E-64A9-4909-8920-7BAAA9D61EB3}.Debug|Any CPU.ActiveCfg = Debug|Any CPU
		{59DBA63E-64A9-4909-8920-7BAAA9D61EB3}.Debug|Any CPU.Build.0 = Debug|Any CPU
		{59DBA63E-64A9-4909-8920-7BAAA9D61EB3}.Release|Any CPU.ActiveCfg = Release|Any CPU
		{59DBA63E-64A9-4909-8920-7BAAA9D61EB3}.Release|Any CPU.Build.0 = Release|Any CPU
	EndGlobalSection
	GlobalSection(SolutionProperties) = preSolution
		HideSolutionNode = FALSE
	EndGlobalSection
EndGlobal
