
Microsoft Visual Studio Solution File, Format Version 12.00
# Visual Studio 14
VisualStudioVersion = 14.0.25420.1
MinimumVisualStudioVersion = 10.0.40219.1
Project("{FAE04EC0-301F-11D3-BF4B-00C04F79EFBC}") = "MPT.Math", "MPT.Math\MPT.Math.csproj", "{B882BD43-A490-4C50-B716-CDFE26403AA1}"
EndProject
Project("{FAE04EC0-301F-11D3-BF4B-00C04F79EFBC}") = "MPT.Math.UnitTests", "MPT.Math.UnitTests\MPT.Math.UnitTests.csproj", "{D1CCEDE8-DD0A-459E-A843-6FA6488A47F0}"
EndProject
Global
	GlobalSection(SolutionConfigurationPlatforms) = preSolution
		Debug|Any CPU = Debug|Any CPU
		Release|Any CPU = Release|Any CPU
	EndGlobalSection
	GlobalSection(ProjectConfigurationPlatforms) = postSolution
		{B882BD43-A490-4C50-B716-CDFE26403AA1}.Debug|Any CPU.ActiveCfg = Debug|Any CPU
		{B882BD43-A490-4C50-B716-CDFE26403AA1}.Debug|Any CPU.Build.0 = Debug|Any CPU
		{B882BD43-A490-4C50-B716-CDFE26403AA1}.Release|Any CPU.ActiveCfg = Release|Any CPU
		{B882BD43-A490-4C50-B716-CDFE26403AA1}.Release|Any CPU.Build.0 = Release|Any CPU
		{D1CCEDE8-DD0A-459E-A843-6FA6488A47F0}.Debug|Any CPU.ActiveCfg = Debug|Any CPU
		{D1CCEDE8-DD0A-459E-A843-6FA6488A47F0}.Debug|Any CPU.Build.0 = Debug|Any CPU
		{D1CCEDE8-DD0A-459E-A843-6FA6488A47F0}.Release|Any CPU.ActiveCfg = Release|Any CPU
		{D1CCEDE8-DD0A-459E-A843-6FA6488A47F0}.Release|Any CPU.Build.0 = Release|Any CPU
	EndGlobalSection
	GlobalSection(SolutionProperties) = preSolution
		HideSolutionNode = FALSE
	EndGlobalSection
EndGlobal
