
Microsoft Visual Studio Solution File, Format Version 12.00
# Visual Studio 2012
Project("{F184B08F-C81C-45F6-A57F-5ABD9991F28F}") = "MPT.PropertyChanger", "MPT.PropertyChanger\MPT.PropertyChanger.vbproj", "{27433F28-9585-4929-9208-653C797A0471}"
EndProject
Global
	GlobalSection(TeamFoundationVersionControl) = preSolution
		SccNumberOfProjects = 2
		SccEnterpriseProvider = {4CA58AB2-18FA-4F8D-95D4-32DDF27D184C}
		SccTeamFoundationServer = http://fs1:8080/tfs/csi_software
		SccLocalPath0 = .
		SccProjectUniqueName1 = MPT.PropertyChanger\\MPT.PropertyChanger.vbproj
		SccProjectName1 = MPT.PropertyChanger
		SccLocalPath1 = MPT.PropertyChanger
	EndGlobalSection
	GlobalSection(SolutionConfigurationPlatforms) = preSolution
		Debug|Any CPU = Debug|Any CPU
		Release|Any CPU = Release|Any CPU
	EndGlobalSection
	GlobalSection(ProjectConfigurationPlatforms) = postSolution
		{27433F28-9585-4929-9208-653C797A0471}.Debug|Any CPU.ActiveCfg = Debug|Any CPU
		{27433F28-9585-4929-9208-653C797A0471}.Debug|Any CPU.Build.0 = Debug|Any CPU
		{27433F28-9585-4929-9208-653C797A0471}.Release|Any CPU.ActiveCfg = Release|Any CPU
		{27433F28-9585-4929-9208-653C797A0471}.Release|Any CPU.Build.0 = Release|Any CPU
	EndGlobalSection
	GlobalSection(SolutionProperties) = preSolution
		HideSolutionNode = FALSE
	EndGlobalSection
EndGlobal
