
Microsoft Visual Studio Solution File, Format Version 12.00
# Visual Studio Express 2012 for Windows Desktop
Project("{FAE04EC0-301F-11D3-BF4B-00C04F79EFBC}") = "MPT.Processor", "MPT.Processor\MPT.Processor.csproj", "{225F50D0-882B-4A5B-B9B5-DE7F13C90460}"
EndProject
Global
	GlobalSection(TeamFoundationVersionControl) = preSolution
		SccNumberOfProjects = 2
		SccEnterpriseProvider = {4CA58AB2-18FA-4F8D-95D4-32DDF27D184C}
		SccTeamFoundationServer = http://fs1:8080/tfs/csi_software
		SccLocalPath0 = .
		SccProjectUniqueName1 = MPT.Processor\\MPT.Processor.csproj
		SccProjectName1 = MPT.Processor
		SccLocalPath1 = MPT.Processor
	EndGlobalSection
	GlobalSection(SolutionConfigurationPlatforms) = preSolution
		Debug|Any CPU = Debug|Any CPU
		Release|Any CPU = Release|Any CPU
	EndGlobalSection
	GlobalSection(ProjectConfigurationPlatforms) = postSolution
		{225F50D0-882B-4A5B-B9B5-DE7F13C90460}.Debug|Any CPU.ActiveCfg = Debug|Any CPU
		{225F50D0-882B-4A5B-B9B5-DE7F13C90460}.Debug|Any CPU.Build.0 = Debug|Any CPU
		{225F50D0-882B-4A5B-B9B5-DE7F13C90460}.Release|Any CPU.ActiveCfg = Release|Any CPU
		{225F50D0-882B-4A5B-B9B5-DE7F13C90460}.Release|Any CPU.Build.0 = Release|Any CPU
	EndGlobalSection
	GlobalSection(SolutionProperties) = preSolution
		HideSolutionNode = FALSE
	EndGlobalSection
EndGlobal
